{
  "version": 4,
  "terraform_version": "1.15.8",
  "serial": 19,
  "lineage": "80034772-153a-d7e7-4354-c53ece2c2ba4",
  "outputs": {
    "defectdojo_url": {
      "value": "http://34.100.239.232:8080",
      "type": "string"
    },
    "sonarqube_ip": {
      "value": "34.100.239.232",
      "type": "string"
    },
    "sonarqube_url": {
      "value": "http://34.100.239.232:9000",
      "type": "string"
    }
  },
  "resources": [
    {
      "mode": "managed",
      "type": "google_compute_address",
      "name": "devops_static_ip",
      "provider": "provider[\"registry.terraform.io/hashicorp/google\"]",
      "instances": [
        {
          "schema_version": 0,
          "attributes": {
            "address": "34.100.239.232",
            "address_type": "EXTERNAL",
            "creation_timestamp": "2026-07-14T00:12:11.105-07:00",
            "description": "",
            "effective_labels": {},
            "id": "projects/devops-creole/regions/asia-south1/addresses/devops-static-ip",
            "ip_version": "",
            "ipv6_endpoint_type": "",
            "label_fingerprint": "42WmSpB8rSM=",
            "labels": {},
            "name": "devops-static-ip",
            "network": "",
            "network_tier": "PREMIUM",
            "prefix_length": 0,
            "project": "devops-creole",
            "purpose": "",
            "region": "asia-south1",
            "self_link": "https://www.googleapis.com/compute/v1/projects/devops-creole/regions/asia-south1/addresses/devops-static-ip",
            "subnetwork": "",
            "terraform_labels": {},
            "timeouts": null,
            "users": [
              "https://www.googleapis.com/compute/v1/projects/devops-creole/zones/asia-south1-a/instances/devops-creolestudio-vm"
            ]
          },
          "sensitive_attributes": [],
          "identity_schema_version": 0,
          "private": "eyJlMmJmYjczMC1lY2FhLTExZTYtOGY4OC0zNDM2M2JjN2M0YzAiOnsiY3JlYXRlIjoxMjAwMDAwMDAwMDAwLCJkZWxldGUiOjEyMDAwMDAwMDAwMDAsInVwZGF0ZSI6MTIwMDAwMDAwMDAwMH19"
        }
      ]
    },
    {
      "mode": "managed",
      "type": "google_compute_firewall",
      "name": "allow_defectdojo",
      "provider": "provider[\"registry.terraform.io/hashicorp/google\"]",
      "instances": [
        {
          "schema_version": 1,
          "attributes": {
            "allow": [
              {
                "ports": [
                  "8080"
                ],
                "protocol": "tcp"
              }
            ],
            "creation_timestamp": "2026-07-13T23:23:33.086-07:00",
            "deny": [],
            "description": "",
            "destination_ranges": [],
            "direction": "INGRESS",
            "disabled": false,
            "enable_logging": null,
            "id": "projects/devops-creole/global/firewalls/devsecops-allow-defectdojo",
            "log_config": [],
            "name": "devsecops-allow-defectdojo",
            "network": "https://www.googleapis.com/compute/v1/projects/devops-creole/global/networks/default",
            "priority": 1000,
            "project": "devops-creole",
            "self_link": "https://www.googleapis.com/compute/v1/projects/devops-creole/global/firewalls/devsecops-allow-defectdojo",
            "source_ranges": [
              "0.0.0.0/0"
            ],
            "source_service_accounts": [],
            "source_tags": [],
            "target_service_accounts": [],
            "target_tags": [
              "devsecops-tools"
            ],
            "timeouts": null
          },
          "sensitive_attributes": [],
          "identity_schema_version": 0,
          "private": "eyJlMmJmYjczMC1lY2FhLTExZTYtOGY4OC0zNDM2M2JjN2M0YzAiOnsiY3JlYXRlIjoxMjAwMDAwMDAwMDAwLCJkZWxldGUiOjEyMDAwMDAwMDAwMDAsInVwZGF0ZSI6MTIwMDAwMDAwMDAwMH0sInNjaGVtYV92ZXJzaW9uIjoiMSJ9"
        }
      ]
    },
    {
      "mode": "managed",
      "type": "google_compute_firewall",
      "name": "allow_sonarqube",
      "provider": "provider[\"registry.terraform.io/hashicorp/google\"]",
      "instances": [
        {
          "schema_version": 1,
          "attributes": {
            "allow": [
              {
                "ports": [
                  "9000"
                ],
                "protocol": "tcp"
              }
            ],
            "creation_timestamp": "2026-07-13T06:32:52.717-07:00",
            "deny": [],
            "description": "",
            "destination_ranges": [],
            "direction": "INGRESS",
            "disabled": false,
            "enable_logging": null,
            "id": "projects/devops-creole/global/firewalls/devsecops-allow-sonarqube",
            "log_config": [],
            "name": "devsecops-allow-sonarqube",
            "network": "https://www.googleapis.com/compute/v1/projects/devops-creole/global/networks/devsecops-vpc",
            "priority": 1000,
            "project": "devops-creole",
            "self_link": "https://www.googleapis.com/compute/v1/projects/devops-creole/global/firewalls/devsecops-allow-sonarqube",
            "source_ranges": [
              "0.0.0.0/0"
            ],
            "source_service_accounts": [],
            "source_tags": [],
            "target_service_accounts": [],
            "target_tags": [],
            "timeouts": null
          },
          "sensitive_attributes": [],
          "identity_schema_version": 0,
          "private": "eyJlMmJmYjczMC1lY2FhLTExZTYtOGY4OC0zNDM2M2JjN2M0YzAiOnsiY3JlYXRlIjoxMjAwMDAwMDAwMDAwLCJkZWxldGUiOjEyMDAwMDAwMDAwMDAsInVwZGF0ZSI6MTIwMDAwMDAwMDAwMH0sInNjaGVtYV92ZXJzaW9uIjoiMSJ9",
          "dependencies": [
            "google_compute_network.devsecops_vpc"
          ]
        }
      ]
    },
    {
      "mode": "managed",
      "type": "google_compute_firewall",
      "name": "allow_ssh",
      "provider": "provider[\"registry.terraform.io/hashicorp/google\"]",
      "instances": [
        {
          "schema_version": 1,
          "attributes": {
            "allow": [
              {
                "ports": [
                  "22"
                ],
                "protocol": "tcp"
              }
            ],
            "creation_timestamp": "2026-07-13T06:32:53.119-07:00",
            "deny": [],
            "description": "",
            "destination_ranges": [],
            "direction": "INGRESS",
            "disabled": false,
            "enable_logging": null,
            "id": "projects/devops-creole/global/firewalls/devsecops-allow-ssh",
            "log_config": [],
            "name": "devsecops-allow-ssh",
            "network": "https://www.googleapis.com/compute/v1/projects/devops-creole/global/networks/devsecops-vpc",
            "priority": 1000,
            "project": "devops-creole",
            "self_link": "https://www.googleapis.com/compute/v1/projects/devops-creole/global/firewalls/devsecops-allow-ssh",
            "source_ranges": [
              "0.0.0.0/0"
            ],
            "source_service_accounts": [],
            "source_tags": [],
            "target_service_accounts": [],
            "target_tags": [],
            "timeouts": null
          },
          "sensitive_attributes": [],
          "identity_schema_version": 0,
          "private": "eyJlMmJmYjczMC1lY2FhLTExZTYtOGY4OC0zNDM2M2JjN2M0YzAiOnsiY3JlYXRlIjoxMjAwMDAwMDAwMDAwLCJkZWxldGUiOjEyMDAwMDAwMDAwMDAsInVwZGF0ZSI6MTIwMDAwMDAwMDAwMH0sInNjaGVtYV92ZXJzaW9uIjoiMSJ9",
          "dependencies": [
            "google_compute_network.devsecops_vpc"
          ]
        }
      ]
    },
    {
      "mode": "managed",
      "type": "google_compute_instance",
      "name": "devops_server",
      "provider": "provider[\"registry.terraform.io/hashicorp/google\"]",
      "instances": [
        {
          "schema_version": 6,
          "attributes": {
            "advanced_machine_features": [],
            "allow_stopping_for_update": null,
            "attached_disk": [],
            "boot_disk": [
              {
                "auto_delete": true,
                "device_name": "devops-creolestudio-vm",
                "disk_encryption_key_raw": "",
                "disk_encryption_key_sha256": "",
                "initialize_params": [
                  {
                    "enable_confidential_compute": false,
                    "image": "https://www.googleapis.com/compute/v1/projects/ubuntu-os-cloud/global/images/ubuntu-minimal-2404-noble-amd64-v20260710",
                    "labels": {},
                    "provisioned_iops": 3600,
                    "provisioned_throughput": 290,
                    "resource_manager_tags": {},
                    "size": 100,
                    "storage_pool": "",
                    "type": "hyperdisk-balanced"
                  }
                ],
                "kms_key_self_link": "",
                "mode": "READ_WRITE",
                "source": "https://www.googleapis.com/compute/v1/projects/devops-creole/zones/asia-south1-a/disks/devops-creolestudio-vm"
              }
            ],
            "can_ip_forward": false,
            "confidential_instance_config": [
              {
                "confidential_instance_type": "",
                "enable_confidential_compute": false
              }
            ],
            "cpu_platform": "AMD Turin",
            "current_status": "RUNNING",
            "deletion_protection": false,
            "description": "",
            "desired_status": null,
            "effective_labels": {
              "goog-ops-agent-policy": "v2-template-1-7-0"
            },
            "enable_display": false,
            "guest_accelerator": [],
            "hostname": "",
            "id": "projects/devops-creole/zones/asia-south1-a/instances/devops-creolestudio-vm",
            "instance_id": "6369080510344945769",
            "label_fingerprint": "u1i0GMcZHVI=",
            "labels": {},
            "machine_type": "n4d-standard-2",
            "metadata": {
              "enable-osconfig": "TRUE",
              "ssh-keys": "divyarajsinh.champavat:ssh-ed25519 AAAAC3NzaC1lZDI1NTE5AAAAICyl0bBiEWIypfeVCZDGuJBuZ10GsnTf8jPznu0lC+Kk divyarajsinh.champavat@creolestudios.com\narjun.latiwala:ssh-ed25519 AAAAC3NzaC1lZDI1NTE5AAAAIP//Xw6QXObNmNxwwnGGtA/yLOAR7QWFtoAiqmy42I3U arjun.latiwala@creolestudios.com",
              "startup-script": "#!/bin/bash\nset -e\n\n# ------------------------------------------------------------------------------\n# Swap Space Setup\n# ------------------------------------------------------------------------------\nif [ ! -f /swapfile ]; then\n  fallocate -l 8G /swapfile\n  chmod 600 /swapfile\n  mkswap /swapfile\n  swapon /swapfile\n  echo '/swapfile none swap sw 0 0' \u003e\u003e /etc/fstab\nfi\n\necho 'vm.swappiness=10' \u003e\u003e /etc/sysctl.conf\nsysctl -w vm.swappiness=10\n\n# ------------------------------------------------------------------------------\n# Install Docker \u0026 Start DefectDojo\n# ------------------------------------------------------------------------------\ninstall -m 0755 -d /etc/apt/keyrings\ncurl -fsSL https://download.docker.com/linux/ubuntu/gpg | gpg --dearmor -o /etc/apt/keyrings/docker.gpg\nchmod a+r /etc/apt/keyrings/docker.gpg\necho \"deb [arch=$(dpkg --print-architecture) signed-by=/etc/apt/keyrings/docker.gpg] https://download.docker.com/linux/ubuntu $(lsb_release -cs) stable\" | tee /etc/apt/sources.list.d/docker.list \u003e /dev/null\napt-get update\napt-get install -y docker-ce docker-ce-cli containerd.io docker-buildx-plugin docker-compose-plugin\n\nif [ ! -d /opt/django-DefectDojo ]; then\n  git clone https://github.com/DefectDojo/django-DefectDojo /opt/django-DefectDojo\nfi\n\ncd /opt/django-DefectDojo\n\nif [ ! -f /opt/defectdojo.env ]; then\n  echo \"DD_DATABASE_PASSWORD=$(openssl rand -base64 24)\" \u003e /opt/defectdojo.env\n  echo \"DD_SECRET_KEY=$(openssl rand -base64 32)\" \u003e\u003e /opt/defectdojo.env\n  echo \"DD_CREDENTIAL_AES_256_KEY=$(openssl rand -base64 32)\" \u003e\u003e /opt/defectdojo.env\nfi\nset -a; source /opt/defectdojo.env; set +a\n\ndocker compose --profile postgres-redis up -d\n"
            },
            "metadata_fingerprint": "SOrlhSzpEG8=",
            "metadata_startup_script": null,
            "min_cpu_platform": "",
            "name": "devops-creolestudio-vm",
            "network_interface": [
              {
                "access_config": [
                  {
                    "nat_ip": "34.100.239.232",
                    "network_tier": "PREMIUM",
                    "public_ptr_domain_name": ""
                  }
                ],
                "alias_ip_range": [],
                "internal_ipv6_prefix_length": 0,
                "ipv6_access_config": [],
                "ipv6_access_type": "",
                "ipv6_address": "",
                "name": "nic0",
                "network": "https://www.googleapis.com/compute/v1/projects/devops-creole/global/networks/default",
                "network_ip": "10.160.0.2",
                "nic_type": "",
                "queue_count": 0,
                "stack_type": "IPV4_ONLY",
                "subnetwork": "https://www.googleapis.com/compute/v1/projects/devops-creole/regions/asia-south1/subnetworks/default",
                "subnetwork_project": "devops-creole"
              }
            ],
            "network_performance_config": [],
            "params": [],
            "project": "devops-creole",
            "reservation_affinity": [
              {
                "specific_reservation": [],
                "type": "ANY_RESERVATION"
              }
            ],
            "resource_policies": [],
            "scheduling": [
              {
                "automatic_restart": true,
                "instance_termination_action": "",
                "local_ssd_recovery_timeout": [],
                "max_run_duration": [],
                "min_node_cpus": 0,
                "node_affinities": [],
                "on_host_maintenance": "MIGRATE",
                "on_instance_stop_action": [],
                "preemptible": false,
                "provisioning_model": "STANDARD"
              }
            ],
            "scratch_disk": [],
            "self_link": "https://www.googleapis.com/compute/v1/projects/devops-creole/zones/asia-south1-a/instances/devops-creolestudio-vm",
            "service_account": [
              {
                "email": "584748311180-compute@developer.gserviceaccount.com",
                "scopes": [
                  "https://www.googleapis.com/auth/devstorage.read_only",
                  "https://www.googleapis.com/auth/logging.write",
                  "https://www.googleapis.com/auth/monitoring.write",
                  "https://www.googleapis.com/auth/service.management.readonly",
                  "https://www.googleapis.com/auth/servicecontrol",
                  "https://www.googleapis.com/auth/trace.append"
                ]
              }
            ],
            "shielded_instance_config": [
              {
                "enable_integrity_monitoring": true,
                "enable_secure_boot": false,
                "enable_vtpm": true
              }
            ],
            "tags": [
              "devsecops-tools"
            ],
            "tags_fingerprint": "X2vH-cvApJE=",
            "terraform_labels": {},
            "timeouts": null,
            "zone": "asia-south1-a"
          },
          "sensitive_attributes": [
            [
              {
                "type": "get_attr",
                "value": "boot_disk"
              },
              {
                "type": "index",
                "value": {
                  "value": 0,
                  "type": "number"
                }
              },
              {
                "type": "get_attr",
                "value": "disk_encryption_key_raw"
              }
            ]
          ],
          "identity_schema_version": 0,
          "private": "eyJlMmJmYjczMC1lY2FhLTExZTYtOGY4OC0zNDM2M2JjN2M0YzAiOnsiY3JlYXRlIjoxMjAwMDAwMDAwMDAwLCJkZWxldGUiOjEyMDAwMDAwMDAwMDAsInVwZGF0ZSI6MTIwMDAwMDAwMDAwMH0sInNjaGVtYV92ZXJzaW9uIjoiNiJ9",
          "dependencies": [
            "google_compute_address.devops_static_ip"
          ]
        }
      ]
    },
    {
      "mode": "managed",
      "type": "google_compute_network",
      "name": "devsecops_vpc",
      "provider": "provider[\"registry.terraform.io/hashicorp/google\"]",
      "instances": [
        {
          "schema_version": 0,
          "attributes": {
            "auto_create_subnetworks": false,
            "delete_default_routes_on_create": false,
            "description": "",
            "enable_ula_internal_ipv6": false,
            "gateway_ipv4": "",
            "id": "projects/devops-creole/global/networks/devsecops-vpc",
            "internal_ipv6_range": "",
            "mtu": 0,
            "name": "devsecops-vpc",
            "network_firewall_policy_enforcement_order": "AFTER_CLASSIC_FIREWALL",
            "numeric_id": "1255223642904155660",
            "project": "devops-creole",
            "routing_mode": "REGIONAL",
            "self_link": "https://www.googleapis.com/compute/v1/projects/devops-creole/global/networks/devsecops-vpc",
            "timeouts": null
          },
          "sensitive_attributes": [],
          "identity_schema_version": 0,
          "private": "eyJlMmJmYjczMC1lY2FhLTExZTYtOGY4OC0zNDM2M2JjN2M0YzAiOnsiY3JlYXRlIjoxMjAwMDAwMDAwMDAwLCJkZWxldGUiOjEyMDAwMDAwMDAwMDAsInVwZGF0ZSI6MTIwMDAwMDAwMDAwMH19"
        }
      ]
    },
    {
      "mode": "managed",
      "type": "google_compute_subnetwork",
      "name": "devsecops_subnet",
      "provider": "provider[\"registry.terraform.io/hashicorp/google\"]",
      "instances": [
        {
          "schema_version": 0,
          "attributes": {
            "creation_timestamp": "2026-07-13T06:32:53.975-07:00",
            "description": "",
            "external_ipv6_prefix": "",
            "fingerprint": null,
            "gateway_address": "10.0.1.1",
            "id": "projects/devops-creole/regions/us-central1/subnetworks/devsecops-subnet",
            "internal_ipv6_prefix": "",
            "ip_cidr_range": "10.0.1.0/24",
            "ipv6_access_type": "",
            "ipv6_cidr_range": "",
            "log_config": [],
            "name": "devsecops-subnet",
            "network": "https://www.googleapis.com/compute/v1/projects/devops-creole/global/networks/devsecops-vpc",
            "private_ip_google_access": false,
            "private_ipv6_google_access": "DISABLE_GOOGLE_ACCESS",
            "project": "devops-creole",
            "purpose": "PRIVATE",
            "region": "us-central1",
            "role": "",
            "secondary_ip_range": [],
            "self_link": "https://www.googleapis.com/compute/v1/projects/devops-creole/regions/us-central1/subnetworks/devsecops-subnet",
            "send_secondary_ip_range_if_empty": null,
            "stack_type": "IPV4_ONLY",
            "timeouts": null
          },
          "sensitive_attributes": [],
          "identity_schema_version": 0,
          "private": "eyJlMmJmYjczMC1lY2FhLTExZTYtOGY4OC0zNDM2M2JjN2M0YzAiOnsiY3JlYXRlIjoxMjAwMDAwMDAwMDAwLCJkZWxldGUiOjEyMDAwMDAwMDAwMDAsInVwZGF0ZSI6MTIwMDAwMDAwMDAwMH19",
          "dependencies": [
            "google_compute_network.devsecops_vpc"
          ]
        }
      ]
    }
  ],
  "check_results": null
}
